
Microsoft Visual Studio Solution File, Format Version 12.00
# Visual Studio 14
VisualStudioVersion = 14.0.23107.0
MinimumVisualStudioVersion = 10.0.40219.1
Project("{FAE04EC0-301F-11D3-BF4B-00C04F79EFBC}") = "ProgramGUI", "ProgramGUI\ProgramGUI.csproj", "{FFB0E96C-BD77-425E-9629-69C184C4D3DC}"
EndProject
Project("{FAE04EC0-301F-11D3-BF4B-00C04F79EFBC}") = "LogicImplementation", "LogicImplemenation\LogicImplementation.csproj", "{1E63E665-A93E-4F93-BDAF-71D43CD32B2B}"
EndProject
Global
	GlobalSection(SolutionConfigurationPlatforms) = preSolution
		Debug|Any CPU = Debug|Any CPU
		Release|Any CPU = Release|Any CPU
	EndGlobalSection
	GlobalSection(ProjectConfigurationPlatforms) = postSolution
		{FFB0E96C-BD77-425E-9629-69C184C4D3DC}.Debug|Any CPU.ActiveCfg = Debug|Any CPU
		{FFB0E96C-BD77-425E-9629-69C184C4D3DC}.Debug|Any CPU.Build.0 = Debug|Any CPU
		{FFB0E96C-BD77-425E-9629-69C184C4D3DC}.Release|Any CPU.ActiveCfg = Release|Any CPU
		{FFB0E96C-BD77-425E-9629-69C184C4D3DC}.Release|Any CPU.Build.0 = Release|Any CPU
		{1E63E665-A93E-4F93-BDAF-71D43CD32B2B}.Debug|Any CPU.ActiveCfg = Debug|Any CPU
		{1E63E665-A93E-4F93-BDAF-71D43CD32B2B}.Debug|Any CPU.Build.0 = Debug|Any CPU
		{1E63E665-A93E-4F93-BDAF-71D43CD32B2B}.Release|Any CPU.ActiveCfg = Release|Any CPU
		{1E63E665-A93E-4F93-BDAF-71D43CD32B2B}.Release|Any CPU.Build.0 = Release|Any CPU
	EndGlobalSection
	GlobalSection(SolutionProperties) = preSolution
		HideSolutionNode = FALSE
	EndGlobalSection
EndGlobal
